
Microsoft Visual Studio Solution File, Format Version 12.00
# Visual Studio Version 17
VisualStudioVersion = 17.8.34330.188
MinimumVisualStudioVersion = 10.0.40219.1
Project("{9A19103F-16F7-4668-BE54-9A1E7A4F7556}") = "MauiAppWithSplashScreen", "MauiAppWithSplashScreen.csproj", "{18821A7B-FDCA-4B4E-A5B0-1BC5E6FC2CFB}"
EndProject
Global
	GlobalSection(SolutionConfigurationPlatforms) = preSolution
		Debug|Any CPU = Debug|Any CPU
		Release|Any CPU = Release|Any CPU
	EndGlobalSection
	GlobalSection(ProjectConfigurationPlatforms) = postSolution
		{18821A7B-FDCA-4B4E-A5B0-1BC5E6FC2CFB}.Debug|Any CPU.ActiveCfg = Debug|Any CPU
		{18821A7B-FDCA-4B4E-A5B0-1BC5E6FC2CFB}.Debug|Any CPU.Build.0 = Debug|Any CPU
		{18821A7B-FDCA-4B4E-A5B0-1BC5E6FC2CFB}.Debug|Any CPU.Deploy.0 = Debug|Any CPU
		{18821A7B-FDCA-4B4E-A5B0-1BC5E6FC2CFB}.Release|Any CPU.ActiveCfg = Release|Any CPU
		{18821A7B-FDCA-4B4E-A5B0-1BC5E6FC2CFB}.Release|Any CPU.Build.0 = Release|Any CPU
		{18821A7B-FDCA-4B4E-A5B0-1BC5E6FC2CFB}.Release|Any CPU.Deploy.0 = Release|Any CPU
	EndGlobalSection
	GlobalSection(SolutionProperties) = preSolution
		HideSolutionNode = FALSE
	EndGlobalSection
	GlobalSection(ExtensibilityGlobals) = postSolution
		SolutionGuid = {59B7FE4D-6631-4114-8AE8-C90B09F9B27C}
	EndGlobalSection
EndGlobal
