
Microsoft Visual Studio Solution File, Format Version 12.00
# Visual Studio Version 17
VisualStudioVersion = 17.8.34330.188
MinimumVisualStudioVersion = 10.0.40219.1
Project("{FAE04EC0-301F-11D3-BF4B-00C04F79EFBC}") = "aspnetcore-web-api", "aspnetcore-web-api.csproj", "{953A385E-6F58-4906-AC0D-2C0807025A46}"
EndProject
Global
	GlobalSection(SolutionConfigurationPlatforms) = preSolution
		Debug|Any CPU = Debug|Any CPU
		Release|Any CPU = Release|Any CPU
	EndGlobalSection
	GlobalSection(ProjectConfigurationPlatforms) = postSolution
		{953A385E-6F58-4906-AC0D-2C0807025A46}.Debug|Any CPU.ActiveCfg = Debug|Any CPU
		{953A385E-6F58-4906-AC0D-2C0807025A46}.Debug|Any CPU.Build.0 = Debug|Any CPU
		{953A385E-6F58-4906-AC0D-2C0807025A46}.Release|Any CPU.ActiveCfg = Release|Any CPU
		{953A385E-6F58-4906-AC0D-2C0807025A46}.Release|Any CPU.Build.0 = Release|Any CPU
	EndGlobalSection
	GlobalSection(SolutionProperties) = preSolution
		HideSolutionNode = FALSE
	EndGlobalSection
	GlobalSection(ExtensibilityGlobals) = postSolution
		SolutionGuid = {10991D97-E59C-459F-B0A4-901819C7A1C5}
	EndGlobalSection
EndGlobal
