
Microsoft Visual Studio Solution File, Format Version 12.00
# Visual Studio Version 17
VisualStudioVersion = 17.8.34330.188
MinimumVisualStudioVersion = 10.0.40219.1
Project("{9A19103F-16F7-4668-BE54-9A1E7A4F7556}") = "PlatformIntegrationDemo", "PlatformIntegrationDemo\PlatformIntegrationDemo.csproj", "{EB880059-6763-4091-B956-9E09056518DB}"
EndProject
Project("{9A19103F-16F7-4668-BE54-9A1E7A4F7556}") = "SocialAuthenticator.Web", "SocialAuthenticator.WebAPI\SocialAuthenticator.Web.csproj", "{A61E7EAA-6EEB-44B5-A0D6-2293AE62EB38}"
EndProject
Global
	GlobalSection(SolutionConfigurationPlatforms) = preSolution
		Debug|Any CPU = Debug|Any CPU
		Release|Any CPU = Release|Any CPU
	EndGlobalSection
	GlobalSection(ProjectConfigurationPlatforms) = postSolution
		{EB880059-6763-4091-B956-9E09056518DB}.Debug|Any CPU.ActiveCfg = Debug|Any CPU
		{EB880059-6763-4091-B956-9E09056518DB}.Debug|Any CPU.Build.0 = Debug|Any CPU
		{EB880059-6763-4091-B956-9E09056518DB}.Debug|Any CPU.Deploy.0 = Debug|Any CPU
		{EB880059-6763-4091-B956-9E09056518DB}.Release|Any CPU.ActiveCfg = Release|Any CPU
		{EB880059-6763-4091-B956-9E09056518DB}.Release|Any CPU.Build.0 = Release|Any CPU
		{EB880059-6763-4091-B956-9E09056518DB}.Release|Any CPU.Deploy.0 = Release|Any CPU
		{A61E7EAA-6EEB-44B5-A0D6-2293AE62EB38}.Debug|Any CPU.ActiveCfg = Debug|Any CPU
		{A61E7EAA-6EEB-44B5-A0D6-2293AE62EB38}.Debug|Any CPU.Build.0 = Debug|Any CPU
		{A61E7EAA-6EEB-44B5-A0D6-2293AE62EB38}.Release|Any CPU.ActiveCfg = Release|Any CPU
		{A61E7EAA-6EEB-44B5-A0D6-2293AE62EB38}.Release|Any CPU.Build.0 = Release|Any CPU
	EndGlobalSection
	GlobalSection(SolutionProperties) = preSolution
		HideSolutionNode = FALSE
	EndGlobalSection
	GlobalSection(ExtensibilityGlobals) = postSolution
		SolutionGuid = {10991D97-E59C-459F-B0A4-901819C7A1C5}
	EndGlobalSection
EndGlobal
